// !$*UTF8*$!
{
	archiveVersion = 1;
	classes = {
	};
	objectVersion = 46;
	objects = {

/* Begin PBXBuildFile section */
		A7A83A591F76B626009AAB0D /* AppDelegate.swift in Sources */ = {isa = PBXBuildFile; fileRef = A7A83A581F76B626009AAB0D /* AppDelegate.swift */; };
		A7A83A5B1F76B626009AAB0D /* ViewController.swift in Sources */ = {isa = PBXBuildFile; fileRef = A7A83A5A1F76B626009AAB0D /* ViewController.swift */; };
		A7A83A5E1F76B626009AAB0D /* Main.storyboard in Resources */ = {isa = PBXBuildFile; fileRef = A7A83A5C1F76B626009AAB0D /* Main.storyboard */; };
		A7A83A601F76B626009AAB0D /* Assets.xcassets in Resources */ = {isa = PBXBuildFile; fileRef = A7A83A5F1F76B626009AAB0D /* Assets.xcassets */; };
		A7A83A631F76B626009AAB0D /* LaunchScreen.storyboard in Resources */ = {isa = PBXBuildFile; fileRef = A7A83A611F76B626009AAB0D /* LaunchScreen.storyboard */; };
		A7A83A6E1F76B626009AAB0D /* A24Tests.swift in Sources */ = {isa = PBXBuildFile; fileRef = A7A83A6D1F76B626009AAB0D /* A24Tests.swift */; };
		A7A83A791F76B626009AAB0D /* A24UITests.swift in Sources */ = {isa = PBXBuildFile; fileRef = A7A83A781F76B626009AAB0D /* A24UITests.swift */; };
/* End PBXBuildFile section */

/* Begin PBXContainerItemProxy section */
		A7A83A6A1F76B626009AAB0D /* PBXContainerItemProxy */ = {
			isa = PBXContainerItemProxy;
			containerPortal = A7A83A4D1F76B626009AAB0D /* Project object */;
			proxyType = 1;
			remoteGlobalIDString = A7A83A541F76B626009AAB0D;
			remoteInfo = A24;
		};
		A7A83A751F76B626009AAB0D /* PBXContainerItemProxy */ = {
			isa = PBXContainerItemProxy;
			containerPortal = A7A83A4D1F76B626009AAB0D /* Project object */;
			proxyType = 1;
			remoteGlobalIDString = A7A83A541F76B626009AAB0D;
			remoteInfo = A24;
		};
/* End PBXContainerItemProxy section */

/* Begin PBXFileReference section */
		A7A83A551F76B626009AAB0D /* A24.app */ = {isa = PBXFileReference; explicitFileType = wrapper.application; includeInIndex = 0; path = A24.app; sourceTree = BUILT_PRODUCTS_DIR; };
		A7A83A581F76B626009AAB0D /* AppDelegate.swift */ = {isa = PBXFileReference; lastKnownFileType = sourcecode.swift; path = AppDelegate.swift; sourceTree = "<group>"; };
		A7A83A5A1F76B626009AAB0D /* ViewController.swift */ = {isa = PBXFileReference; lastKnownFileType = sourcecode.swift; path = ViewController.swift; sourceTree = "<group>"; };
		A7A83A5D1F76B626009AAB0D /* Base */ = {isa = PBXFileReference; lastKnownFileType = file.storyboard; name = Base; path = Base.lproj/Main.storyboard; sourceTree = "<group>"; };
		A7A83A5F1F76B626009AAB0D /* Assets.xcassets */ = {isa = PBXFileReference; lastKnownFileType = folder.assetcatalog; path = Assets.xcassets; sourceTree = "<group>"; };
		A7A83A621F76B626009AAB0D /* Base */ = {isa = PBXFileReference; lastKnownFileType = file.storyboard; name = Base; path = Base.lproj/LaunchScreen.storyboard; sourceTree = "<group>"; };
		A7A83A641F76B626009AAB0D /* Info.plist */ = {isa = PBXFileReference; lastKnownFileType = text.plist.xml; path = Info.plist; sourceTree = "<group>"; };
		A7A83A691F76B626009AAB0D /* A24Tests.xctest */ = {isa = PBXFileReference; explicitFileType = wrapper.cfbundle; includeInIndex = 0; path = A24Tests.xctest; sourceTree = BUILT_PRODUCTS_DIR; };
		A7A83A6D1F76B626009AAB0D /* A24Tests.swift */ = {isa = PBXFileReference; lastKnownFileType = sourcecode.swift; path = A24Tests.swift; sourceTree = "<group>"; };
		A7A83A6F1F76B626009AAB0D /* Info.plist */ = {isa = PBXFileReference; lastKnownFileType = text.plist.xml; path = Info.plist; sourceTree = "<group>"; };
		A7A83A741F76B626009AAB0D /* A24UITests.xctest */ = {isa = PBXFileReference; explicitFileType = wrapper.cfbundle; includeInIndex = 0; path = A24UITests.xctest; sourceTree = BUILT_PRODUCTS_DIR; };
		A7A83A781F76B626009AAB0D /* A24UITests.swift */ = {isa = PBXFileReference; lastKnownFileType = sourcecode.swift; path = A24UITests.swift; sourceTree = "<group>"; };
		A7A83A7A1F76B626009AAB0D /* Info.plist */ = {isa = PBXFileReference; lastKnownFileType = text.plist.xml; path = Info.plist; sourceTree = "<group>"; };
/* End PBXFileReference section */

/* Begin PBXFrameworksBuildPhase section */
		A7A83A521F76B626009AAB0D /* Frameworks */ = {
			isa = PBXFrameworksBuildPhase;
			buildActionMask = 2147483647;
			files = (
			);
			runOnlyForDeploymentPostprocessing = 0;
		};
		A7A83A661F76B626009AAB0D /* Frameworks */ = {
			isa = PBXFrameworksBuildPhase;
			buildActionMask = 2147483647;
			files = (
			);
			runOnlyForDeploymentPostprocessing = 0;
		};
		A7A83A711F76B626009AAB0D /* Frameworks */ = {
			isa = PBXFrameworksBuildPhase;
			buildActionMask = 2147483647;
			files = (
			);
			runOnlyForDeploymentPostprocessing = 0;
		};
/* End PBXFrameworksBuildPhase section */

/* Begin PBXGroup section */
		A7A83A4C1F76B626009AAB0D = {
			isa = PBXGroup;
			children = (
				A7A83A571F76B626009AAB0D /* A24 */,
				A7A83A6C1F76B626009AAB0D /* A24Tests */,
				A7A83A771F76B626009AAB0D /* A24UITests */,
				A7A83A561F76B626009AAB0D /* Products */,
			);
			sourceTree = "<group>";
		};
		A7A83A561F76B626009AAB0D /* Products */ = {
			isa = PBXGroup;
			children = (
				A7A83A551F76B626009AAB0D /* A24.app */,
				A7A83A691F76B626009AAB0D /* A24Tests.xctest */,
				A7A83A741F76B626009AAB0D /* A24UITests.xctest */,
			);
			name = Products;
			sourceTree = "<group>";
		};
		A7A83A571F76B626009AAB0D /* A24 */ = {
			isa = PBXGroup;
			children = (
				A7A83A581F76B626009AAB0D /* AppDelegate.swift */,
				A7A83A5A1F76B626009AAB0D /* ViewController.swift */,
				A7A83A5C1F76B626009AAB0D /* Main.storyboard */,
				A7A83A5F1F76B626009AAB0D /* Assets.xcassets */,
				A7A83A611F76B626009AAB0D /* LaunchScreen.storyboard */,
				A7A83A641F76B626009AAB0D /* Info.plist */,
			);
			path = A24;
			sourceTree = "<group>";
		};
		A7A83A6C1F76B626009AAB0D /* A24Tests */ = {
			isa = PBXGroup;
			children = (
				A7A83A6D1F76B626009AAB0D /* A24Tests.swift */,
				A7A83A6F1F76B626009AAB0D /* Info.plist */,
			);
			path = A24Tests;
			sourceTree = "<group>";
		};
		A7A83A771F76B626009AAB0D /* A24UITests */ = {
			isa = PBXGroup;
			children = (
				A7A83A781F76B626009AAB0D /* A24UITests.swift */,
				A7A83A7A1F76B626009AAB0D /* Info.plist */,
			);
			path = A24UITests;
			sourceTree = "<group>";
		};
/* End PBXGroup section */

/* Begin PBXNativeTarget section */
		A7A83A541F76B626009AAB0D /* A24 */ = {
			isa = PBXNativeTarget;
			buildConfigurationList = A7A83A7D1F76B626009AAB0D /* Build configuration list for PBXNativeTarget "A24" */;
			buildPhases = (
				A7A83A511F76B626009AAB0D /* Sources */,
				A7A83A521F76B626009AAB0D /* Frameworks */,
				A7A83A531F76B626009AAB0D /* Resources */,
			);
			buildRules = (
			);
			dependencies = (
			);
			name = A24;
			productName = A24;
			productReference = A7A83A551F76B626009AAB0D /* A24.app */;
			productType = "com.apple.product-type.application";
		};
		A7A83A681F76B626009AAB0D /* A24Tests */ = {
			isa = PBXNativeTarget;
			buildConfigurationList = A7A83A801F76B626009AAB0D /* Build configuration list for PBXNativeTarget "A24Tests" */;
			buildPhases = (
				A7A83A651F76B626009AAB0D /* Sources */,
				A7A83A661F76B626009AAB0D /* Frameworks */,
				A7A83A671F76B626009AAB0D /* Resources */,
			);
			buildRules = (
			);
			dependencies = (
				A7A83A6B1F76B626009AAB0D /* PBXTargetDependency */,
			);
			name = A24Tests;
			productName = A24Tests;
			productReference = A7A83A691F76B626009AAB0D /* A24Tests.xctest */;
			productType = "com.apple.product-type.bundle.unit-test";
		};
		A7A83A731F76B626009AAB0D /* A24UITests */ = {
			isa = PBXNativeTarget;
			buildConfigurationList = A7A83A831F76B626009AAB0D /* Build configuration list for PBXNativeTarget "A24UITests" */;
			buildPhases = (
				A7A83A701F76B626009AAB0D /* Sources */,
				A7A83A711F76B626009AAB0D /* Frameworks */,
				A7A83A721F76B626009AAB0D /* Resources */,
			);
			buildRules = (
			);
			dependencies = (
				A7A83A761F76B626009AAB0D /* PBXTargetDependency */,
			);
			name = A24UITests;
			productName = A24UITests;
			productReference = A7A83A741F76B626009AAB0D /* A24UITests.xctest */;
			productType = "com.apple.product-type.bundle.ui-testing";
		};
/* End PBXNativeTarget section */

/* Begin PBXProject section */
		A7A83A4D1F76B626009AAB0D /* Project object */ = {
			isa = PBXProject;
			attributes = {
				LastSwiftUpdateCheck = 0830;
				LastUpgradeCheck = 0830;
				ORGANIZATIONNAME = "Yanyu Huang";
				TargetAttributes = {
					A7A83A541F76B626009AAB0D = {
						CreatedOnToolsVersion = 8.3.3;
						ProvisioningStyle = Automatic;
					};
					A7A83A681F76B626009AAB0D = {
						CreatedOnToolsVersion = 8.3.3;
						ProvisioningStyle = Automatic;
						TestTargetID = A7A83A541F76B626009AAB0D;
					};
					A7A83A731F76B626009AAB0D = {
						CreatedOnToolsVersion = 8.3.3;
						ProvisioningStyle = Automatic;
						TestTargetID = A7A83A541F76B626009AAB0D;
					};
				};
			};
			buildConfigurationList = A7A83A501F76B626009AAB0D /* Build configuration list for PBXProject "A24" */;
			compatibilityVersion = "Xcode 3.2";
			developmentRegion = English;
			hasScannedForEncodings = 0;
			knownRegions = (
				en,
				Base,
			);
			mainGroup = A7A83A4C1F76B626009AAB0D;
			productRefGroup = A7A83A561F76B626009AAB0D /* Products */;
			projectDirPath = "";
			projectRoot = "";
			targets = (
				A7A83A541F76B626009AAB0D /* A24 */,
				A7A83A681F76B626009AAB0D /* A24Tests */,
				A7A83A731F76B626009AAB0D /* A24UITests */,
			);
		};
/* End PBXProject section */

/* Begin PBXResourcesBuildPhase section */
		A7A83A531F76B626009AAB0D /* Resources */ = {
			isa = PBXResourcesBuildPhase;
			buildActionMask = 2147483647;
			files = (
				A7A83A631F76B626009AAB0D /* LaunchScreen.storyboard in Resources */,
				A7A83A601F76B626009AAB0D /* Assets.xcassets in Resources */,
				A7A83A5E1F76B626009AAB0D /* Main.storyboard in Resources */,
			);
			runOnlyForDeploymentPostprocessing = 0;
		};
		A7A83A671F76B626009AAB0D /* Resources */ = {
			isa = PBXResourcesBuildPhase;
			buildActionMask = 2147483647;
			files = (
			);
			runOnlyForDeploymentPostprocessing = 0;
		};
		A7A83A721F76B626009AAB0D /* Resources */ = {
			isa = PBXResourcesBuildPhase;
			buildActionMask = 2147483647;
			files = (
			);
			runOnlyForDeploymentPostprocessing = 0;
		};
/* End PBXResourcesBuildPhase section */

/* Begin PBXSourcesBuildPhase section */
		A7A83A511F76B626009AAB0D /* Sources */ = {
			isa = PBXSourcesBuildPhase;
			buildActionMask = 2147483647;
			files = (
				A7A83A5B1F76B626009AAB0D /* ViewController.swift in Sources */,
				A7A83A591F76B626009AAB0D /* AppDelegate.swift in Sources */,
			);
			runOnlyForDeploymentPostprocessing = 0;
		};
		A7A83A651F76B626009AAB0D /* Sources */ = {
			isa = PBXSourcesBuildPhase;
			buildActionMask = 2147483647;
			files = (
				A7A83A6E1F76B626009AAB0D /* A24Tests.swift in Sources */,
			);
			runOnlyForDeploymentPostprocessing = 0;
		};
		A7A83A701F76B626009AAB0D /* Sources */ = {
			isa = PBXSourcesBuildPhase;
			buildActionMask = 2147483647;
			files = (
				A7A83A791F76B626009AAB0D /* A24UITests.swift in Sources */,
			);
			runOnlyForDeploymentPostprocessing = 0;
		};
/* End PBXSourcesBuildPhase section */

/* Begin PBXTargetDependency section */
		A7A83A6B1F76B626009AAB0D /* PBXTargetDependency */ = {
			isa = PBXTargetDependency;
			target = A7A83A541F76B626009AAB0D /* A24 */;
			targetProxy = A7A83A6A1F76B626009AAB0D /* PBXContainerItemProxy */;
		};
		A7A83A761F76B626009AAB0D /* PBXTargetDependency */ = {
			isa = PBXTargetDependency;
			target = A7A83A541F76B626009AAB0D /* A24 */;
			targetProxy = A7A83A751F76B626009AAB0D /* PBXContainerItemProxy */;
		};
/* End PBXTargetDependency section */

/* Begin PBXVariantGroup section */
		A7A83A5C1F76B626009AAB0D /* Main.storyboard */ = {
			isa = PBXVariantGroup;
			children = (
				A7A83A5D1F76B626009AAB0D /* Base */,
			);
			name = Main.storyboard;
			sourceTree = "<group>";
		};
		A7A83A611F76B626009AAB0D /* LaunchScreen.storyboard */ = {
			isa = PBXVariantGroup;
			children = (
				A7A83A621F76B626009AAB0D /* Base */,
			);
			name = LaunchScreen.storyboard;
			sourceTree = "<group>";
		};
/* End PBXVariantGroup section */

/* Begin XCBuildConfiguration section */
		A7A83A7B1F76B626009AAB0D /* Debug */ = {
			isa = XCBuildConfiguration;
			buildSettings = {
				ALWAYS_SEARCH_USER_PATHS = NO;
				CLANG_ANALYZER_NONNULL = YES;
				CLANG_ANALYZER_NUMBER_OBJECT_CONVERSION = YES_AGGRESSIVE;
				CLANG_CXX_LANGUAGE_STANDARD = "gnu++0x";
				CLANG_CXX_LIBRARY = "libc++";
				CLANG_ENABLE_MODULES = YES;
				CLANG_ENABLE_OBJC_ARC = YES;
				CLANG_WARN_BOOL_CONVERSION = YES;
				CLANG_WARN_CONSTANT_CONVERSION = YES;
				CLANG_WARN_DIRECT_OBJC_ISA_USAGE = YES_ERROR;
				CLANG_WARN_DOCUMENTATION_COMMENTS = YES;
				CLANG_WARN_EMPTY_BODY = YES;
				CLANG_WARN_ENUM_CONVERSION = YES;
				CLANG_WARN_INFINITE_RECURSION = YES;
				CLANG_WARN_INT_CONVERSION = YES;
				CLANG_WARN_OBJC_ROOT_CLASS = YES_ERROR;
				CLANG_WARN_SUSPICIOUS_MOVE = YES;
				CLANG_WARN_UNREACHABLE_CODE = YES;
				CLANG_WARN__DUPLICATE_METHOD_MATCH = YES;
				"CODE_SIGN_IDENTITY[sdk=iphoneos*]" = "iPhone Developer";
				COPY_PHASE_STRIP = NO;
				DEBUG_INFORMATION_FORMAT = dwarf;
				ENABLE_STRICT_OBJC_MSGSEND = YES;
				ENABLE_TESTABILITY = YES;
				GCC_C_LANGUAGE_STANDARD = gnu99;
				GCC_DYNAMIC_NO_PIC = NO;
				GCC_NO_COMMON_BLOCKS = YES;
				GCC_OPTIMIZATION_LEVEL = 0;
				GCC_PREPROCESSOR_DEFINITIONS = (
					"DEBUG=1",
					"$(inherited)",
				);
				GCC_WARN_64_TO_32_BIT_CONVERSION = YES;
				GCC_WARN_ABOUT_RETURN_TYPE = YES_ERROR;
				GCC_WARN_UNDECLARED_SELECTOR = YES;
				GCC_WARN_UNINITIALIZED_AUTOS = YES_AGGRESSIVE;
				GCC_WARN_UNUSED_FUNCTION = YES;
				GCC_WARN_UNUSED_VARIABLE = YES;
				IPHONEOS_DEPLOYMENT_TARGET = 10.3;
				MTL_ENABLE_DEBUG_INFO = YES;
				ONLY_ACTIVE_ARCH = YES;
				SDKROOT = iphoneos;
				SWIFT_ACTIVE_COMPILATION_CONDITIONS = DEBUG;
				SWIFT_OPTIMIZATION_LEVEL = "-Onone";
			};
			name = Debug;
		};
		A7A83A7C1F76B626009AAB0D /* Release */ = {
			isa = XCBuildConfiguration;
			buildSettings = {
				ALWAYS_SEARCH_USER_PATHS = NO;
				CLANG_ANALYZER_NONNULL = YES;
				CLANG_ANALYZER_NUMBER_OBJECT_CONVERSION = YES_AGGRESSIVE;
				CLANG_CXX_LANGUAGE_STANDARD = "gnu++0x";
				CLANG_CXX_LIBRARY = "libc++";
				CLANG_ENABLE_MODULES = YES;
				CLANG_ENABLE_OBJC_ARC = YES;
				CLANG_WARN_BOOL_CONVERSION = YES;
				CLANG_WARN_CONSTANT_CONVERSION = YES;
				CLANG_WARN_DIRECT_OBJC_ISA_USAGE = YES_ERROR;
				CLANG_WARN_DOCUMENTATION_COMMENTS = YES;
				CLANG_WARN_EMPTY_BODY = YES;
				CLANG_WARN_ENUM_CONVERSION = YES;
				CLANG_WARN_INFINITE_RECURSION = YES;
				CLANG_WARN_INT_CONVERSION = YES;
				CLANG_WARN_OBJC_ROOT_CLASS = YES_ERROR;
				CLANG_WARN_SUSPICIOUS_MOVE = YES;
				CLANG_WARN_UNREACHABLE_CODE = YES;
				CLANG_WARN__DUPLICATE_METHOD_MATCH = YES;
				"CODE_SIGN_IDENTITY[sdk=iphoneos*]" = "iPhone Developer";
				COPY_PHASE_STRIP = NO;
				DEBUG_INFORMATION_FORMAT = "dwarf-with-dsym";
				ENABLE_NS_ASSERTIONS = NO;
				ENABLE_STRICT_OBJC_MSGSEND = YES;
				GCC_C_LANGUAGE_STANDARD = gnu99;
				GCC_NO_COMMON_BLOCKS = YES;
				GCC_WARN_64_TO_32_BIT_CONVERSION = YES;
				GCC_WARN_ABOUT_RETURN_TYPE = YES_ERROR;
				GCC_WARN_UNDECLARED_SELECTOR = YES;
				GCC_WARN_UNINITIALIZED_AUTOS = YES_AGGRESSIVE;
				GCC_WARN_UNUSED_FUNCTION = YES;
				GCC_WARN_UNUSED_VARIABLE = YES;
				IPHONEOS_DEPLOYMENT_TARGET = 10.3;
				MTL_ENABLE_DEBUG_INFO = NO;
				SDKROOT = iphoneos;
				SWIFT_OPTIMIZATION_LEVEL = "-Owholemodule";
				VALIDATE_PRODUCT = YES;
			};
			name = Release;
		};
		A7A83A7E1F76B626009AAB0D /* Debug */ = {
			isa = XCBuildConfiguration;
			buildSettings = {
				ASSETCATALOG_COMPILER_APPICON_NAME = AppIcon;
				INFOPLIST_FILE = A24/Info.plist;
				LD_RUNPATH_SEARCH_PATHS = "$(inherited) @executable_path/Frameworks";
				PRODUCT_BUNDLE_IDENTIFIER = monash.A24;
				PRODUCT_NAME = "$(TARGET_NAME)";
				SWIFT_VERSION = 3.0;
			};
			name = Debug;
		};
		A7A83A7F1F76B626009AAB0D /* Release */ = {
			isa = XCBuildConfiguration;
			buildSettings = {
				ASSETCATALOG_COMPILER_APPICON_NAME = AppIcon;
				INFOPLIST_FILE = A24/Info.plist;
				LD_RUNPATH_SEARCH_PATHS = "$(inherited) @executable_path/Frameworks";
				PRODUCT_BUNDLE_IDENTIFIER = monash.A24;
				PRODUCT_NAME = "$(TARGET_NAME)";
				SWIFT_VERSION = 3.0;
			};
			name = Release;
		};
		A7A83A811F76B626009AAB0D /* Debug */ = {
			isa = XCBuildConfiguration;
			buildSettings = {
				ALWAYS_EMBED_SWIFT_STANDARD_LIBRARIES = YES;
				BUNDLE_LOADER = "$(TEST_HOST)";
				INFOPLIST_FILE = A24Tests/Info.plist;
				LD_RUNPATH_SEARCH_PATHS = "$(inherited) @executable_path/Frameworks @loader_path/Frameworks";
				PRODUCT_BUNDLE_IDENTIFIER = monash.A24Tests;
				PRODUCT_NAME = "$(TARGET_NAME)";
				SWIFT_VERSION = 3.0;
				TEST_HOST = "$(BUILT_PRODUCTS_DIR)/A24.app/A24";
			};
			name = Debug;
		};
		A7A83A821F76B626009AAB0D /* Release */ = {
			isa = XCBuildConfiguration;
			buildSettings = {
				ALWAYS_EMBED_SWIFT_STANDARD_LIBRARIES = YES;
				BUNDLE_LOADER = "$(TEST_HOST)";
				INFOPLIST_FILE = A24Tests/Info.plist;
				LD_RUNPATH_SEARCH_PATHS = "$(inherited) @executable_path/Frameworks @loader_path/Frameworks";
				PRODUCT_BUNDLE_IDENTIFIER = monash.A24Tests;
				PRODUCT_NAME = "$(TARGET_NAME)";
				SWIFT_VERSION = 3.0;
				TEST_HOST = "$(BUILT_PRODUCTS_DIR)/A24.app/A24";
			};
			name = Release;
		};
		A7A83A841F76B626009AAB0D /* Debug */ = {
			isa = XCBuildConfiguration;
			buildSettings = {
				ALWAYS_EMBED_SWIFT_STANDARD_LIBRARIES = YES;
				INFOPLIST_FILE = A24UITests/Info.plist;
				LD_RUNPATH_SEARCH_PATHS = "$(inherited) @executable_path/Frameworks @loader_path/Frameworks";
				PRODUCT_BUNDLE_IDENTIFIER = monash.A24UITests;
				PRODUCT_NAME = "$(TARGET_NAME)";
				SWIFT_VERSION = 3.0;
				TEST_TARGET_NAME = A24;
			};
			name = Debug;
		};
		A7A83A851F76B626009AAB0D /* Release */ = {
			isa = XCBuildConfiguration;
			buildSettings = {
				ALWAYS_EMBED_SWIFT_STANDARD_LIBRARIES = YES;
				INFOPLIST_FILE = A24UITests/Info.plist;
				LD_RUNPATH_SEARCH_PATHS = "$(inherited) @executable_path/Frameworks @loader_path/Frameworks";
				PRODUCT_BUNDLE_IDENTIFIER = monash.A24UITests;
				PRODUCT_NAME = "$(TARGET_NAME)";
				SWIFT_VERSION = 3.0;
				TEST_TARGET_NAME = A24;
			};
			name = Release;
		};
/* End XCBuildConfiguration section */

/* Begin XCConfigurationList section */
		A7A83A501F76B626009AAB0D /* Build configuration list for PBXProject "A24" */ = {
			isa = XCConfigurationList;
			buildConfigurations = (
				A7A83A7B1F76B626009AAB0D /* Debug */,
				A7A83A7C1F76B626009AAB0D /* Release */,
			);
			defaultConfigurationIsVisible = 0;
			defaultConfigurationName = Release;
		};
		A7A83A7D1F76B626009AAB0D /* Build configuration list for PBXNativeTarget "A24" */ = {
			isa = XCConfigurationList;
			buildConfigurations = (
				A7A83A7E1F76B626009AAB0D /* Debug */,
				A7A83A7F1F76B626009AAB0D /* Release */,
			);
			defaultConfigurationIsVisible = 0;
		};
		A7A83A801F76B626009AAB0D /* Build configuration list for PBXNativeTarget "A24Tests" */ = {
			isa = XCConfigurationList;
			buildConfigurations = (
				A7A83A811F76B626009AAB0D /* Debug */,
				A7A83A821F76B626009AAB0D /* Release */,
			);
			defaultConfigurationIsVisible = 0;
		};
		A7A83A831F76B626009AAB0D /* Build configuration list for PBXNativeTarget "A24UITests" */ = {
			isa = XCConfigurationList;
			buildConfigurations = (
				A7A83A841F76B626009AAB0D /* Debug */,
				A7A83A851F76B626009AAB0D /* Release */,
			);
			defaultConfigurationIsVisible = 0;
		};
/* End XCConfigurationList section */
	};
	rootObject = A7A83A4D1F76B626009AAB0D /* Project object */;
}
